// !$*UTF8*$!
{
	archiveVersion = 1;
	classes = {
	};
	objectVersion = 50;
	objects = {

/* Begin PBXBuildFile section */
		4139AE5F25EEB165000AF98F /* AppDelegate.swift in Sources */ = {isa = PBXBuildFile; fileRef = 4139AE5E25EEB165000AF98F /* AppDelegate.swift */; };
		4139AE6125EEB165000AF98F /* SceneDelegate.swift in Sources */ = {isa = PBXBuildFile; fileRef = 4139AE6025EEB165000AF98F /* SceneDelegate.swift */; };
		4139AE6325EEB165000AF98F /* ViewController.swift in Sources */ = {isa = PBXBuildFile; fileRef = 4139AE6225EEB165000AF98F /* ViewController.swift */; };
		4139AE6625EEB165000AF98F /* Main.storyboard in Resources */ = {isa = PBXBuildFile; fileRef = 4139AE6425EEB165000AF98F /* Main.storyboard */; };
		4139AE6825EEB167000AF98F /* Assets.xcassets in Resources */ = {isa = PBXBuildFile; fileRef = 4139AE6725EEB167000AF98F /* Assets.xcassets */; };
		4139AE6B25EEB167000AF98F /* LaunchScreen.storyboard in Resources */ = {isa = PBXBuildFile; fileRef = 4139AE6925EEB167000AF98F /* LaunchScreen.storyboard */; };
		4139AE7625EEB168000AF98F /* CleanArchViewCodeTests.swift in Sources */ = {isa = PBXBuildFile; fileRef = 4139AE7525EEB168000AF98F /* CleanArchViewCodeTests.swift */; };
		4139AE8125EEB168000AF98F /* CleanArchViewCodeUITests.swift in Sources */ = {isa = PBXBuildFile; fileRef = 4139AE8025EEB168000AF98F /* CleanArchViewCodeUITests.swift */; };
		4139AE9925EEB25D000AF98F /* APIPath.swift in Sources */ = {isa = PBXBuildFile; fileRef = 4139AE9825EEB25D000AF98F /* APIPath.swift */; };
		4139AE9E25EEB2EB000AF98F /* APIEnvironment.swift in Sources */ = {isa = PBXBuildFile; fileRef = 4139AE9D25EEB2EB000AF98F /* APIEnvironment.swift */; };
		4139AEA325EEB4FB000AF98F /* APILoader.swift in Sources */ = {isa = PBXBuildFile; fileRef = 4139AEA225EEB4FB000AF98F /* APILoader.swift */; };
		4139AEA825EEB885000AF98F /* ResponseHandler+Extension.swift in Sources */ = {isa = PBXBuildFile; fileRef = 4139AEA725EEB885000AF98F /* ResponseHandler+Extension.swift */; };
		4139AEAD25EEB9C5000AF98F /* RequestHandler+Extension.swift in Sources */ = {isa = PBXBuildFile; fileRef = 4139AEAC25EEB9C5000AF98F /* RequestHandler+Extension.swift */; };
		4139AEB225EEBC78000AF98F /* APIHandler.swift in Sources */ = {isa = PBXBuildFile; fileRef = 4139AEB125EEBC78000AF98F /* APIHandler.swift */; };
		4139AEB725EEDCEF000AF98F /* GalleryModel.swift in Sources */ = {isa = PBXBuildFile; fileRef = 4139AEB625EEDCEF000AF98F /* GalleryModel.swift */; };
		416D306325EF04CB00122773 /* GalleryViewModel.swift in Sources */ = {isa = PBXBuildFile; fileRef = 416D306225EF04CB00122773 /* GalleryViewModel.swift */; };
		416D306825EF057100122773 /* Constants.swift in Sources */ = {isa = PBXBuildFile; fileRef = 416D306725EF057100122773 /* Constants.swift */; };
		416D306D25EF060E00122773 /* Observable.swift in Sources */ = {isa = PBXBuildFile; fileRef = 416D306C25EF060E00122773 /* Observable.swift */; };
		416D307225EF069A00122773 /* GalleryAPI.swift in Sources */ = {isa = PBXBuildFile; fileRef = 416D307125EF069A00122773 /* GalleryAPI.swift */; };
		416D307825EF080600122773 /* GalleryCustomCell.swift in Sources */ = {isa = PBXBuildFile; fileRef = 416D307725EF080600122773 /* GalleryCustomCell.swift */; };
/* End PBXBuildFile section */

/* Begin PBXContainerItemProxy section */
		4139AE7225EEB168000AF98F /* PBXContainerItemProxy */ = {
			isa = PBXContainerItemProxy;
			containerPortal = 4139AE5325EEB165000AF98F /* Project object */;
			proxyType = 1;
			remoteGlobalIDString = 4139AE5A25EEB165000AF98F;
			remoteInfo = CleanArchViewCode;
		};
		4139AE7D25EEB168000AF98F /* PBXContainerItemProxy */ = {
			isa = PBXContainerItemProxy;
			containerPortal = 4139AE5325EEB165000AF98F /* Project object */;
			proxyType = 1;
			remoteGlobalIDString = 4139AE5A25EEB165000AF98F;
			remoteInfo = CleanArchViewCode;
		};
/* End PBXContainerItemProxy section */

/* Begin PBXFileReference section */
		4139AE5B25EEB165000AF98F /* CleanArchViewCode.app */ = {isa = PBXFileReference; explicitFileType = wrapper.application; includeInIndex = 0; path = CleanArchViewCode.app; sourceTree = BUILT_PRODUCTS_DIR; };
		4139AE5E25EEB165000AF98F /* AppDelegate.swift */ = {isa = PBXFileReference; lastKnownFileType = sourcecode.swift; path = AppDelegate.swift; sourceTree = "<group>"; };
		4139AE6025EEB165000AF98F /* SceneDelegate.swift */ = {isa = PBXFileReference; lastKnownFileType = sourcecode.swift; path = SceneDelegate.swift; sourceTree = "<group>"; };
		4139AE6225EEB165000AF98F /* ViewController.swift */ = {isa = PBXFileReference; lastKnownFileType = sourcecode.swift; path = ViewController.swift; sourceTree = "<group>"; };
		4139AE6525EEB165000AF98F /* Base */ = {isa = PBXFileReference; lastKnownFileType = file.storyboard; name = Base; path = Base.lproj/Main.storyboard; sourceTree = "<group>"; };
		4139AE6725EEB167000AF98F /* Assets.xcassets */ = {isa = PBXFileReference; lastKnownFileType = folder.assetcatalog; path = Assets.xcassets; sourceTree = "<group>"; };
		4139AE6A25EEB167000AF98F /* Base */ = {isa = PBXFileReference; lastKnownFileType = file.storyboard; name = Base; path = Base.lproj/LaunchScreen.storyboard; sourceTree = "<group>"; };
		4139AE6C25EEB167000AF98F /* Info.plist */ = {isa = PBXFileReference; lastKnownFileType = text.plist.xml; path = Info.plist; sourceTree = "<group>"; };
		4139AE7125EEB168000AF98F /* CleanArchViewCodeTests.xctest */ = {isa = PBXFileReference; explicitFileType = wrapper.cfbundle; includeInIndex = 0; path = CleanArchViewCodeTests.xctest; sourceTree = BUILT_PRODUCTS_DIR; };
		4139AE7525EEB168000AF98F /* CleanArchViewCodeTests.swift */ = {isa = PBXFileReference; lastKnownFileType = sourcecode.swift; path = CleanArchViewCodeTests.swift; sourceTree = "<group>"; };
		4139AE7725EEB168000AF98F /* Info.plist */ = {isa = PBXFileReference; lastKnownFileType = text.plist.xml; path = Info.plist; sourceTree = "<group>"; };
		4139AE7C25EEB168000AF98F /* CleanArchViewCodeUITests.xctest */ = {isa = PBXFileReference; explicitFileType = wrapper.cfbundle; includeInIndex = 0; path = CleanArchViewCodeUITests.xctest; sourceTree = BUILT_PRODUCTS_DIR; };
		4139AE8025EEB168000AF98F /* CleanArchViewCodeUITests.swift */ = {isa = PBXFileReference; lastKnownFileType = sourcecode.swift; path = CleanArchViewCodeUITests.swift; sourceTree = "<group>"; };
		4139AE8225EEB168000AF98F /* Info.plist */ = {isa = PBXFileReference; lastKnownFileType = text.plist.xml; path = Info.plist; sourceTree = "<group>"; };
		4139AE9825EEB25D000AF98F /* APIPath.swift */ = {isa = PBXFileReference; lastKnownFileType = sourcecode.swift; path = APIPath.swift; sourceTree = "<group>"; };
		4139AE9D25EEB2EB000AF98F /* APIEnvironment.swift */ = {isa = PBXFileReference; lastKnownFileType = sourcecode.swift; path = APIEnvironment.swift; sourceTree = "<group>"; };
		4139AEA225EEB4FB000AF98F /* APILoader.swift */ = {isa = PBXFileReference; lastKnownFileType = sourcecode.swift; path = APILoader.swift; sourceTree = "<group>"; };
		4139AEA725EEB885000AF98F /* ResponseHandler+Extension.swift */ = {isa = PBXFileReference; lastKnownFileType = sourcecode.swift; path = "ResponseHandler+Extension.swift"; sourceTree = "<group>"; };
		4139AEAC25EEB9C5000AF98F /* RequestHandler+Extension.swift */ = {isa = PBXFileReference; lastKnownFileType = sourcecode.swift; path = "RequestHandler+Extension.swift"; sourceTree = "<group>"; };
		4139AEB125EEBC78000AF98F /* APIHandler.swift */ = {isa = PBXFileReference; lastKnownFileType = sourcecode.swift; path = APIHandler.swift; sourceTree = "<group>"; };
		4139AEB625EEDCEF000AF98F /* GalleryModel.swift */ = {isa = PBXFileReference; lastKnownFileType = sourcecode.swift; path = GalleryModel.swift; sourceTree = "<group>"; };
		416D306225EF04CB00122773 /* GalleryViewModel.swift */ = {isa = PBXFileReference; lastKnownFileType = sourcecode.swift; path = GalleryViewModel.swift; sourceTree = "<group>"; };
		416D306725EF057100122773 /* Constants.swift */ = {isa = PBXFileReference; lastKnownFileType = sourcecode.swift; path = Constants.swift; sourceTree = "<group>"; };
		416D306C25EF060E00122773 /* Observable.swift */ = {isa = PBXFileReference; lastKnownFileType = sourcecode.swift; path = Observable.swift; sourceTree = "<group>"; };
		416D307125EF069A00122773 /* GalleryAPI.swift */ = {isa = PBXFileReference; lastKnownFileType = sourcecode.swift; path = GalleryAPI.swift; sourceTree = "<group>"; };
		416D307725EF080600122773 /* GalleryCustomCell.swift */ = {isa = PBXFileReference; lastKnownFileType = sourcecode.swift; path = GalleryCustomCell.swift; sourceTree = "<group>"; };
/* End PBXFileReference section */

/* Begin PBXFrameworksBuildPhase section */
		4139AE5825EEB165000AF98F /* Frameworks */ = {
			isa = PBXFrameworksBuildPhase;
			buildActionMask = 2147483647;
			files = (
			);
			runOnlyForDeploymentPostprocessing = 0;
		};
		4139AE6E25EEB168000AF98F /* Frameworks */ = {
			isa = PBXFrameworksBuildPhase;
			buildActionMask = 2147483647;
			files = (
			);
			runOnlyForDeploymentPostprocessing = 0;
		};
		4139AE7925EEB168000AF98F /* Frameworks */ = {
			isa = PBXFrameworksBuildPhase;
			buildActionMask = 2147483647;
			files = (
			);
			runOnlyForDeploymentPostprocessing = 0;
		};
/* End PBXFrameworksBuildPhase section */

/* Begin PBXGroup section */
		4139AE5225EEB165000AF98F = {
			isa = PBXGroup;
			children = (
				4139AE5D25EEB165000AF98F /* CleanArchViewCode */,
				4139AE7425EEB168000AF98F /* CleanArchViewCodeTests */,
				4139AE7F25EEB168000AF98F /* CleanArchViewCodeUITests */,
				4139AE5C25EEB165000AF98F /* Products */,
			);
			sourceTree = "<group>";
		};
		4139AE5C25EEB165000AF98F /* Products */ = {
			isa = PBXGroup;
			children = (
				4139AE5B25EEB165000AF98F /* CleanArchViewCode.app */,
				4139AE7125EEB168000AF98F /* CleanArchViewCodeTests.xctest */,
				4139AE7C25EEB168000AF98F /* CleanArchViewCodeUITests.xctest */,
			);
			name = Products;
			sourceTree = "<group>";
		};
		4139AE5D25EEB165000AF98F /* CleanArchViewCode */ = {
			isa = PBXGroup;
			children = (
				4139AE9125EEB197000AF98F /* UIComponents */,
				4139AE9225EEB1AA000AF98F /* Services */,
				4139AE9325EEB1B3000AF98F /* Resources */,
				4139AE9425EEB1C4000AF98F /* ViewModels */,
				4139AE9525EEB1D4000AF98F /* Controllers */,
				4139AE9625EEB1E3000AF98F /* Model */,
				4139AE9725EEB1ED000AF98F /* Networking */,
				4139AE6C25EEB167000AF98F /* Info.plist */,
			);
			path = CleanArchViewCode;
			sourceTree = "<group>";
		};
		4139AE7425EEB168000AF98F /* CleanArchViewCodeTests */ = {
			isa = PBXGroup;
			children = (
				4139AE7525EEB168000AF98F /* CleanArchViewCodeTests.swift */,
				4139AE7725EEB168000AF98F /* Info.plist */,
			);
			path = CleanArchViewCodeTests;
			sourceTree = "<group>";
		};
		4139AE7F25EEB168000AF98F /* CleanArchViewCodeUITests */ = {
			isa = PBXGroup;
			children = (
				4139AE8025EEB168000AF98F /* CleanArchViewCodeUITests.swift */,
				4139AE8225EEB168000AF98F /* Info.plist */,
			);
			path = CleanArchViewCodeUITests;
			sourceTree = "<group>";
		};
		4139AE9125EEB197000AF98F /* UIComponents */ = {
			isa = PBXGroup;
			children = (
				416D307625EF07D600122773 /* CustomCells */,
			);
			path = UIComponents;
			sourceTree = "<group>";
		};
		4139AE9225EEB1AA000AF98F /* Services */ = {
			isa = PBXGroup;
			children = (
				416D307125EF069A00122773 /* GalleryAPI.swift */,
			);
			path = Services;
			sourceTree = "<group>";
		};
		4139AE9325EEB1B3000AF98F /* Resources */ = {
			isa = PBXGroup;
			children = (
				4139AE5E25EEB165000AF98F /* AppDelegate.swift */,
				4139AE6025EEB165000AF98F /* SceneDelegate.swift */,
				4139AE6725EEB167000AF98F /* Assets.xcassets */,
				4139AE6425EEB165000AF98F /* Main.storyboard */,
				4139AE6925EEB167000AF98F /* LaunchScreen.storyboard */,
				416D306725EF057100122773 /* Constants.swift */,
				416D306C25EF060E00122773 /* Observable.swift */,
			);
			path = Resources;
			sourceTree = "<group>";
		};
		4139AE9425EEB1C4000AF98F /* ViewModels */ = {
			isa = PBXGroup;
			children = (
				416D306225EF04CB00122773 /* GalleryViewModel.swift */,
			);
			path = ViewModels;
			sourceTree = "<group>";
		};
		4139AE9525EEB1D4000AF98F /* Controllers */ = {
			isa = PBXGroup;
			children = (
				4139AE6225EEB165000AF98F /* ViewController.swift */,
			);
			path = Controllers;
			sourceTree = "<group>";
		};
		4139AE9625EEB1E3000AF98F /* Model */ = {
			isa = PBXGroup;
			children = (
				4139AEB625EEDCEF000AF98F /* GalleryModel.swift */,
			);
			path = Model;
			sourceTree = "<group>";
		};
		4139AE9725EEB1ED000AF98F /* Networking */ = {
			isa = PBXGroup;
			children = (
				4139AE9825EEB25D000AF98F /* APIPath.swift */,
				4139AE9D25EEB2EB000AF98F /* APIEnvironment.swift */,
				4139AEA225EEB4FB000AF98F /* APILoader.swift */,
				4139AEA725EEB885000AF98F /* ResponseHandler+Extension.swift */,
				4139AEAC25EEB9C5000AF98F /* RequestHandler+Extension.swift */,
				4139AEB125EEBC78000AF98F /* APIHandler.swift */,
			);
			path = Networking;
			sourceTree = "<group>";
		};
		416D307625EF07D600122773 /* CustomCells */ = {
			isa = PBXGroup;
			children = (
				416D307725EF080600122773 /* GalleryCustomCell.swift */,
			);
			path = CustomCells;
			sourceTree = "<group>";
		};
/* End PBXGroup section */

/* Begin PBXNativeTarget section */
		4139AE5A25EEB165000AF98F /* CleanArchViewCode */ = {
			isa = PBXNativeTarget;
			buildConfigurationList = 4139AE8525EEB168000AF98F /* Build configuration list for PBXNativeTarget "CleanArchViewCode" */;
			buildPhases = (
				4139AE5725EEB165000AF98F /* Sources */,
				4139AE5825EEB165000AF98F /* Frameworks */,
				4139AE5925EEB165000AF98F /* Resources */,
			);
			buildRules = (
			);
			dependencies = (
			);
			name = CleanArchViewCode;
			productName = CleanArchViewCode;
			productReference = 4139AE5B25EEB165000AF98F /* CleanArchViewCode.app */;
			productType = "com.apple.product-type.application";
		};
		4139AE7025EEB168000AF98F /* CleanArchViewCodeTests */ = {
			isa = PBXNativeTarget;
			buildConfigurationList = 4139AE8825EEB168000AF98F /* Build configuration list for PBXNativeTarget "CleanArchViewCodeTests" */;
			buildPhases = (
				4139AE6D25EEB168000AF98F /* Sources */,
				4139AE6E25EEB168000AF98F /* Frameworks */,
				4139AE6F25EEB168000AF98F /* Resources */,
			);
			buildRules = (
			);
			dependencies = (
				4139AE7325EEB168000AF98F /* PBXTargetDependency */,
			);
			name = CleanArchViewCodeTests;
			productName = CleanArchViewCodeTests;
			productReference = 4139AE7125EEB168000AF98F /* CleanArchViewCodeTests.xctest */;
			productType = "com.apple.product-type.bundle.unit-test";
		};
		4139AE7B25EEB168000AF98F /* CleanArchViewCodeUITests */ = {
			isa = PBXNativeTarget;
			buildConfigurationList = 4139AE8B25EEB168000AF98F /* Build configuration list for PBXNativeTarget "CleanArchViewCodeUITests" */;
			buildPhases = (
				4139AE7825EEB168000AF98F /* Sources */,
				4139AE7925EEB168000AF98F /* Frameworks */,
				4139AE7A25EEB168000AF98F /* Resources */,
			);
			buildRules = (
			);
			dependencies = (
				4139AE7E25EEB168000AF98F /* PBXTargetDependency */,
			);
			name = CleanArchViewCodeUITests;
			productName = CleanArchViewCodeUITests;
			productReference = 4139AE7C25EEB168000AF98F /* CleanArchViewCodeUITests.xctest */;
			productType = "com.apple.product-type.bundle.ui-testing";
		};
/* End PBXNativeTarget section */

/* Begin PBXProject section */
		4139AE5325EEB165000AF98F /* Project object */ = {
			isa = PBXProject;
			attributes = {
				LastSwiftUpdateCheck = 1240;
				LastUpgradeCheck = 1240;
				TargetAttributes = {
					4139AE5A25EEB165000AF98F = {
						CreatedOnToolsVersion = 12.4;
					};
					4139AE7025EEB168000AF98F = {
						CreatedOnToolsVersion = 12.4;
						TestTargetID = 4139AE5A25EEB165000AF98F;
					};
					4139AE7B25EEB168000AF98F = {
						CreatedOnToolsVersion = 12.4;
						TestTargetID = 4139AE5A25EEB165000AF98F;
					};
				};
			};
			buildConfigurationList = 4139AE5625EEB165000AF98F /* Build configuration list for PBXProject "CleanArchViewCode" */;
			compatibilityVersion = "Xcode 9.3";
			developmentRegion = en;
			hasScannedForEncodings = 0;
			knownRegions = (
				en,
				Base,
			);
			mainGroup = 4139AE5225EEB165000AF98F;
			productRefGroup = 4139AE5C25EEB165000AF98F /* Products */;
			projectDirPath = "";
			projectRoot = "";
			targets = (
				4139AE5A25EEB165000AF98F /* CleanArchViewCode */,
				4139AE7025EEB168000AF98F /* CleanArchViewCodeTests */,
				4139AE7B25EEB168000AF98F /* CleanArchViewCodeUITests */,
			);
		};
/* End PBXProject section */

/* Begin PBXResourcesBuildPhase section */
		4139AE5925EEB165000AF98F /* Resources */ = {
			isa = PBXResourcesBuildPhase;
			buildActionMask = 2147483647;
			files = (
				4139AE6B25EEB167000AF98F /* LaunchScreen.storyboard in Resources */,
				4139AE6825EEB167000AF98F /* Assets.xcassets in Resources */,
				4139AE6625EEB165000AF98F /* Main.storyboard in Resources */,
			);
			runOnlyForDeploymentPostprocessing = 0;
		};
		4139AE6F25EEB168000AF98F /* Resources */ = {
			isa = PBXResourcesBuildPhase;
			buildActionMask = 2147483647;
			files = (
			);
			runOnlyForDeploymentPostprocessing = 0;
		};
		4139AE7A25EEB168000AF98F /* Resources */ = {
			isa = PBXResourcesBuildPhase;
			buildActionMask = 2147483647;
			files = (
			);
			runOnlyForDeploymentPostprocessing = 0;
		};
/* End PBXResourcesBuildPhase section */

/* Begin PBXSourcesBuildPhase section */
		4139AE5725EEB165000AF98F /* Sources */ = {
			isa = PBXSourcesBuildPhase;
			buildActionMask = 2147483647;
			files = (
				416D306D25EF060E00122773 /* Observable.swift in Sources */,
				4139AEAD25EEB9C5000AF98F /* RequestHandler+Extension.swift in Sources */,
				4139AE6325EEB165000AF98F /* ViewController.swift in Sources */,
				4139AE5F25EEB165000AF98F /* AppDelegate.swift in Sources */,
				4139AE6125EEB165000AF98F /* SceneDelegate.swift in Sources */,
				416D307225EF069A00122773 /* GalleryAPI.swift in Sources */,
				4139AEB725EEDCEF000AF98F /* GalleryModel.swift in Sources */,
				4139AE9E25EEB2EB000AF98F /* APIEnvironment.swift in Sources */,
				4139AE9925EEB25D000AF98F /* APIPath.swift in Sources */,
				416D307825EF080600122773 /* GalleryCustomCell.swift in Sources */,
				416D306325EF04CB00122773 /* GalleryViewModel.swift in Sources */,
				4139AEB225EEBC78000AF98F /* APIHandler.swift in Sources */,
				4139AEA825EEB885000AF98F /* ResponseHandler+Extension.swift in Sources */,
				4139AEA325EEB4FB000AF98F /* APILoader.swift in Sources */,
				416D306825EF057100122773 /* Constants.swift in Sources */,
			);
			runOnlyForDeploymentPostprocessing = 0;
		};
		4139AE6D25EEB168000AF98F /* Sources */ = {
			isa = PBXSourcesBuildPhase;
			buildActionMask = 2147483647;
			files = (
				4139AE7625EEB168000AF98F /* CleanArchViewCodeTests.swift in Sources */,
			);
			runOnlyForDeploymentPostprocessing = 0;
		};
		4139AE7825EEB168000AF98F /* Sources */ = {
			isa = PBXSourcesBuildPhase;
			buildActionMask = 2147483647;
			files = (
				4139AE8125EEB168000AF98F /* CleanArchViewCodeUITests.swift in Sources */,
			);
			runOnlyForDeploymentPostprocessing = 0;
		};
/* End PBXSourcesBuildPhase section */

/* Begin PBXTargetDependency section */
		4139AE7325EEB168000AF98F /* PBXTargetDependency */ = {
			isa = PBXTargetDependency;
			target = 4139AE5A25EEB165000AF98F /* CleanArchViewCode */;
			targetProxy = 4139AE7225EEB168000AF98F /* PBXContainerItemProxy */;
		};
		4139AE7E25EEB168000AF98F /* PBXTargetDependency */ = {
			isa = PBXTargetDependency;
			target = 4139AE5A25EEB165000AF98F /* CleanArchViewCode */;
			targetProxy = 4139AE7D25EEB168000AF98F /* PBXContainerItemProxy */;
		};
/* End PBXTargetDependency section */

/* Begin PBXVariantGroup section */
		4139AE6425EEB165000AF98F /* Main.storyboard */ = {
			isa = PBXVariantGroup;
			children = (
				4139AE6525EEB165000AF98F /* Base */,
			);
			name = Main.storyboard;
			sourceTree = "<group>";
		};
		4139AE6925EEB167000AF98F /* LaunchScreen.storyboard */ = {
			isa = PBXVariantGroup;
			children = (
				4139AE6A25EEB167000AF98F /* Base */,
			);
			name = LaunchScreen.storyboard;
			sourceTree = "<group>";
		};
/* End PBXVariantGroup section */

/* Begin XCBuildConfiguration section */
		4139AE8325EEB168000AF98F /* Debug */ = {
			isa = XCBuildConfiguration;
			buildSettings = {
				ALWAYS_SEARCH_USER_PATHS = NO;
				CLANG_ANALYZER_NONNULL = YES;
				CLANG_ANALYZER_NUMBER_OBJECT_CONVERSION = YES_AGGRESSIVE;
				CLANG_CXX_LANGUAGE_STANDARD = "gnu++14";
				CLANG_CXX_LIBRARY = "libc++";
				CLANG_ENABLE_MODULES = YES;
				CLANG_ENABLE_OBJC_ARC = YES;
				CLANG_ENABLE_OBJC_WEAK = YES;
				CLANG_WARN_BLOCK_CAPTURE_AUTORELEASING = YES;
				CLANG_WARN_BOOL_CONVERSION = YES;
				CLANG_WARN_COMMA = YES;
				CLANG_WARN_CONSTANT_CONVERSION = YES;
				CLANG_WARN_DEPRECATED_OBJC_IMPLEMENTATIONS = YES;
				CLANG_WARN_DIRECT_OBJC_ISA_USAGE = YES_ERROR;
				CLANG_WARN_DOCUMENTATION_COMMENTS = YES;
				CLANG_WARN_EMPTY_BODY = YES;
				CLANG_WARN_ENUM_CONVERSION = YES;
				CLANG_WARN_INFINITE_RECURSION = YES;
				CLANG_WARN_INT_CONVERSION = YES;
				CLANG_WARN_NON_LITERAL_NULL_CONVERSION = YES;
				CLANG_WARN_OBJC_IMPLICIT_RETAIN_SELF = YES;
				CLANG_WARN_OBJC_LITERAL_CONVERSION = YES;
				CLANG_WARN_OBJC_ROOT_CLASS = YES_ERROR;
				CLANG_WARN_QUOTED_INCLUDE_IN_FRAMEWORK_HEADER = YES;
				CLANG_WARN_RANGE_LOOP_ANALYSIS = YES;
				CLANG_WARN_STRICT_PROTOTYPES = YES;
				CLANG_WARN_SUSPICIOUS_MOVE = YES;
				CLANG_WARN_UNGUARDED_AVAILABILITY = YES_AGGRESSIVE;
				CLANG_WARN_UNREACHABLE_CODE = YES;
				CLANG_WARN__DUPLICATE_METHOD_MATCH = YES;
				COPY_PHASE_STRIP = NO;
				DEBUG_INFORMATION_FORMAT = dwarf;
				ENABLE_STRICT_OBJC_MSGSEND = YES;
				ENABLE_TESTABILITY = YES;
				GCC_C_LANGUAGE_STANDARD = gnu11;
				GCC_DYNAMIC_NO_PIC = NO;
				GCC_NO_COMMON_BLOCKS = YES;
				GCC_OPTIMIZATION_LEVEL = 0;
				GCC_PREPROCESSOR_DEFINITIONS = (
					"DEBUG=1",
					"$(inherited)",
				);
				GCC_WARN_64_TO_32_BIT_CONVERSION = YES;
				GCC_WARN_ABOUT_RETURN_TYPE = YES_ERROR;
				GCC_WARN_UNDECLARED_SELECTOR = YES;
				GCC_WARN_UNINITIALIZED_AUTOS = YES_AGGRESSIVE;
				GCC_WARN_UNUSED_FUNCTION = YES;
				GCC_WARN_UNUSED_VARIABLE = YES;
				IPHONEOS_DEPLOYMENT_TARGET = 14.4;
				MTL_ENABLE_DEBUG_INFO = INCLUDE_SOURCE;
				MTL_FAST_MATH = YES;
				ONLY_ACTIVE_ARCH = YES;
				SDKROOT = iphoneos;
				SWIFT_ACTIVE_COMPILATION_CONDITIONS = DEBUG;
				SWIFT_OPTIMIZATION_LEVEL = "-Onone";
			};
			name = Debug;
		};
		4139AE8425EEB168000AF98F /* Release */ = {
			isa = XCBuildConfiguration;
			buildSettings = {
				ALWAYS_SEARCH_USER_PATHS = NO;
				CLANG_ANALYZER_NONNULL = YES;
				CLANG_ANALYZER_NUMBER_OBJECT_CONVERSION = YES_AGGRESSIVE;
				CLANG_CXX_LANGUAGE_STANDARD = "gnu++14";
				CLANG_CXX_LIBRARY = "libc++";
				CLANG_ENABLE_MODULES = YES;
				CLANG_ENABLE_OBJC_ARC = YES;
				CLANG_ENABLE_OBJC_WEAK = YES;
				CLANG_WARN_BLOCK_CAPTURE_AUTORELEASING = YES;
				CLANG_WARN_BOOL_CONVERSION = YES;
				CLANG_WARN_COMMA = YES;
				CLANG_WARN_CONSTANT_CONVERSION = YES;
				CLANG_WARN_DEPRECATED_OBJC_IMPLEMENTATIONS = YES;
				CLANG_WARN_DIRECT_OBJC_ISA_USAGE = YES_ERROR;
				CLANG_WARN_DOCUMENTATION_COMMENTS = YES;
				CLANG_WARN_EMPTY_BODY = YES;
				CLANG_WARN_ENUM_CONVERSION = YES;
				CLANG_WARN_INFINITE_RECURSION = YES;
				CLANG_WARN_INT_CONVERSION = YES;
				CLANG_WARN_NON_LITERAL_NULL_CONVERSION = YES;
				CLANG_WARN_OBJC_IMPLICIT_RETAIN_SELF = YES;
				CLANG_WARN_OBJC_LITERAL_CONVERSION = YES;
				CLANG_WARN_OBJC_ROOT_CLASS = YES_ERROR;
				CLANG_WARN_QUOTED_INCLUDE_IN_FRAMEWORK_HEADER = YES;
				CLANG_WARN_RANGE_LOOP_ANALYSIS = YES;
				CLANG_WARN_STRICT_PROTOTYPES = YES;
				CLANG_WARN_SUSPICIOUS_MOVE = YES;
				CLANG_WARN_UNGUARDED_AVAILABILITY = YES_AGGRESSIVE;
				CLANG_WARN_UNREACHABLE_CODE = YES;
				CLANG_WARN__DUPLICATE_METHOD_MATCH = YES;
				COPY_PHASE_STRIP = NO;
				DEBUG_INFORMATION_FORMAT = "dwarf-with-dsym";
				ENABLE_NS_ASSERTIONS = NO;
				ENABLE_STRICT_OBJC_MSGSEND = YES;
				GCC_C_LANGUAGE_STANDARD = gnu11;
				GCC_NO_COMMON_BLOCKS = YES;
				GCC_WARN_64_TO_32_BIT_CONVERSION = YES;
				GCC_WARN_ABOUT_RETURN_TYPE = YES_ERROR;
				GCC_WARN_UNDECLARED_SELECTOR = YES;
				GCC_WARN_UNINITIALIZED_AUTOS = YES_AGGRESSIVE;
				GCC_WARN_UNUSED_FUNCTION = YES;
				GCC_WARN_UNUSED_VARIABLE = YES;
				IPHONEOS_DEPLOYMENT_TARGET = 14.4;
				MTL_ENABLE_DEBUG_INFO = NO;
				MTL_FAST_MATH = YES;
				SDKROOT = iphoneos;
				SWIFT_COMPILATION_MODE = wholemodule;
				SWIFT_OPTIMIZATION_LEVEL = "-O";
				VALIDATE_PRODUCT = YES;
			};
			name = Release;
		};
		4139AE8625EEB168000AF98F /* Debug */ = {
			isa = XCBuildConfiguration;
			buildSettings = {
				ASSETCATALOG_COMPILER_APPICON_NAME = AppIcon;
				ASSETCATALOG_COMPILER_GLOBAL_ACCENT_COLOR_NAME = AccentColor;
				CODE_SIGN_STYLE = Automatic;
				DEVELOPMENT_TEAM = CPDNCAZJQ6;
				INFOPLIST_FILE = CleanArchViewCode/Info.plist;
				LD_RUNPATH_SEARCH_PATHS = (
					"$(inherited)",
					"@executable_path/Frameworks",
				);
				PRODUCT_BUNDLE_IDENTIFIER = com.renatomateusx.CleanArchViewCode;
				PRODUCT_NAME = "$(TARGET_NAME)";
				SWIFT_VERSION = 5.0;
				TARGETED_DEVICE_FAMILY = "1,2";
			};
			name = Debug;
		};
		4139AE8725EEB168000AF98F /* Release */ = {
			isa = XCBuildConfiguration;
			buildSettings = {
				ASSETCATALOG_COMPILER_APPICON_NAME = AppIcon;
				ASSETCATALOG_COMPILER_GLOBAL_ACCENT_COLOR_NAME = AccentColor;
				CODE_SIGN_STYLE = Automatic;
				DEVELOPMENT_TEAM = CPDNCAZJQ6;
				INFOPLIST_FILE = CleanArchViewCode/Info.plist;
				LD_RUNPATH_SEARCH_PATHS = (
					"$(inherited)",
					"@executable_path/Frameworks",
				);
				PRODUCT_BUNDLE_IDENTIFIER = com.renatomateusx.CleanArchViewCode;
				PRODUCT_NAME = "$(TARGET_NAME)";
				SWIFT_VERSION = 5.0;
				TARGETED_DEVICE_FAMILY = "1,2";
			};
			name = Release;
		};
		4139AE8925EEB168000AF98F /* Debug */ = {
			isa = XCBuildConfiguration;
			buildSettings = {
				ALWAYS_EMBED_SWIFT_STANDARD_LIBRARIES = YES;
				BUNDLE_LOADER = "$(TEST_HOST)";
				CODE_SIGN_STYLE = Automatic;
				DEVELOPMENT_TEAM = CPDNCAZJQ6;
				INFOPLIST_FILE = CleanArchViewCodeTests/Info.plist;
				IPHONEOS_DEPLOYMENT_TARGET = 14.4;
				LD_RUNPATH_SEARCH_PATHS = (
					"$(inherited)",
					"@executable_path/Frameworks",
					"@loader_path/Frameworks",
				);
				PRODUCT_BUNDLE_IDENTIFIER = com.renatomateusx.CleanArchViewCodeTests;
				PRODUCT_NAME = "$(TARGET_NAME)";
				SWIFT_VERSION = 5.0;
				TARGETED_DEVICE_FAMILY = "1,2";
				TEST_HOST = "$(BUILT_PRODUCTS_DIR)/CleanArchViewCode.app/CleanArchViewCode";
			};
			name = Debug;
		};
		4139AE8A25EEB168000AF98F /* Release */ = {
			isa = XCBuildConfiguration;
			buildSettings = {
				ALWAYS_EMBED_SWIFT_STANDARD_LIBRARIES = YES;
				BUNDLE_LOADER = "$(TEST_HOST)";
				CODE_SIGN_STYLE = Automatic;
				DEVELOPMENT_TEAM = CPDNCAZJQ6;
				INFOPLIST_FILE = CleanArchViewCodeTests/Info.plist;
				IPHONEOS_DEPLOYMENT_TARGET = 14.4;
				LD_RUNPATH_SEARCH_PATHS = (
					"$(inherited)",
					"@executable_path/Frameworks",
					"@loader_path/Frameworks",
				);
				PRODUCT_BUNDLE_IDENTIFIER = com.renatomateusx.CleanArchViewCodeTests;
				PRODUCT_NAME = "$(TARGET_NAME)";
				SWIFT_VERSION = 5.0;
				TARGETED_DEVICE_FAMILY = "1,2";
				TEST_HOST = "$(BUILT_PRODUCTS_DIR)/CleanArchViewCode.app/CleanArchViewCode";
			};
			name = Release;
		};
		4139AE8C25EEB168000AF98F /* Debug */ = {
			isa = XCBuildConfiguration;
			buildSettings = {
				ALWAYS_EMBED_SWIFT_STANDARD_LIBRARIES = YES;
				CODE_SIGN_STYLE = Automatic;
				DEVELOPMENT_TEAM = CPDNCAZJQ6;
				INFOPLIST_FILE = CleanArchViewCodeUITests/Info.plist;
				LD_RUNPATH_SEARCH_PATHS = (
					"$(inherited)",
					"@executable_path/Frameworks",
					"@loader_path/Frameworks",
				);
				PRODUCT_BUNDLE_IDENTIFIER = com.renatomateusx.CleanArchViewCodeUITests;
				PRODUCT_NAME = "$(TARGET_NAME)";
				SWIFT_VERSION = 5.0;
				TARGETED_DEVICE_FAMILY = "1,2";
				TEST_TARGET_NAME = CleanArchViewCode;
			};
			name = Debug;
		};
		4139AE8D25EEB168000AF98F /* Release */ = {
			isa = XCBuildConfiguration;
			buildSettings = {
				ALWAYS_EMBED_SWIFT_STANDARD_LIBRARIES = YES;
				CODE_SIGN_STYLE = Automatic;
				DEVELOPMENT_TEAM = CPDNCAZJQ6;
				INFOPLIST_FILE = CleanArchViewCodeUITests/Info.plist;
				LD_RUNPATH_SEARCH_PATHS = (
					"$(inherited)",
					"@executable_path/Frameworks",
					"@loader_path/Frameworks",
				);
				PRODUCT_BUNDLE_IDENTIFIER = com.renatomateusx.CleanArchViewCodeUITests;
				PRODUCT_NAME = "$(TARGET_NAME)";
				SWIFT_VERSION = 5.0;
				TARGETED_DEVICE_FAMILY = "1,2";
				TEST_TARGET_NAME = CleanArchViewCode;
			};
			name = Release;
		};
/* End XCBuildConfiguration section */

/* Begin XCConfigurationList section */
		4139AE5625EEB165000AF98F /* Build configuration list for PBXProject "CleanArchViewCode" */ = {
			isa = XCConfigurationList;
			buildConfigurations = (
				4139AE8325EEB168000AF98F /* Debug */,
				4139AE8425EEB168000AF98F /* Release */,
			);
			defaultConfigurationIsVisible = 0;
			defaultConfigurationName = Release;
		};
		4139AE8525EEB168000AF98F /* Build configuration list for PBXNativeTarget "CleanArchViewCode" */ = {
			isa = XCConfigurationList;
			buildConfigurations = (
				4139AE8625EEB168000AF98F /* Debug */,
				4139AE8725EEB168000AF98F /* Release */,
			);
			defaultConfigurationIsVisible = 0;
			defaultConfigurationName = Release;
		};
		4139AE8825EEB168000AF98F /* Build configuration list for PBXNativeTarget "CleanArchViewCodeTests" */ = {
			isa = XCConfigurationList;
			buildConfigurations = (
				4139AE8925EEB168000AF98F /* Debug */,
				4139AE8A25EEB168000AF98F /* Release */,
			);
			defaultConfigurationIsVisible = 0;
			defaultConfigurationName = Release;
		};
		4139AE8B25EEB168000AF98F /* Build configuration list for PBXNativeTarget "CleanArchViewCodeUITests" */ = {
			isa = XCConfigurationList;
			buildConfigurations = (
				4139AE8C25EEB168000AF98F /* Debug */,
				4139AE8D25EEB168000AF98F /* Release */,
			);
			defaultConfigurationIsVisible = 0;
			defaultConfigurationName = Release;
		};
/* End XCConfigurationList section */
	};
	rootObject = 4139AE5325EEB165000AF98F /* Project object */;
}
